
Microsoft Visual Studio Solution File, Format Version 12.00
# Visual Studio Version 17
VisualStudioVersion = 17.3.32825.248
MinimumVisualStudioVersion = 10.0.40219.1
Project("{FAE04EC0-301F-11D3-BF4B-00C04F79EFBC}") = "z1", "Day6 (Arrays)\z1.csproj", "{E4FBD4C0-C610-481A-8168-D1519C2518F8}"
EndProject
Project("{FAE04EC0-301F-11D3-BF4B-00C04F79EFBC}") = "z2", "z2\z2.csproj", "{4688D42B-5B55-4D19-8180-1F1FD5C930C0}"
EndProject
Project("{FAE04EC0-301F-11D3-BF4B-00C04F79EFBC}") = "z3", "z3\z3.csproj", "{1A0035CF-93AF-4221-AB7F-6A7B22510DC6}"
EndProject
Project("{FAE04EC0-301F-11D3-BF4B-00C04F79EFBC}") = "z4", "z4\z4.csproj", "{32CA296B-B9FE-42A5-A2FB-B59EB89D2496}"
EndProject
Project("{FAE04EC0-301F-11D3-BF4B-00C04F79EFBC}") = "z5", "z5\z5.csproj", "{D7BE9AED-CEBA-4DA7-9C15-CB9F48DD6A4A}"
EndProject
Global
	GlobalSection(SolutionConfigurationPlatforms) = preSolution
		Debug|Any CPU = Debug|Any CPU
		Release|Any CPU = Release|Any CPU
	EndGlobalSection
	GlobalSection(ProjectConfigurationPlatforms) = postSolution
		{E4FBD4C0-C610-481A-8168-D1519C2518F8}.Debug|Any CPU.ActiveCfg = Debug|Any CPU
		{E4FBD4C0-C610-481A-8168-D1519C2518F8}.Debug|Any CPU.Build.0 = Debug|Any CPU
		{E4FBD4C0-C610-481A-8168-D1519C2518F8}.Release|Any CPU.ActiveCfg = Release|Any CPU
		{E4FBD4C0-C610-481A-8168-D1519C2518F8}.Release|Any CPU.Build.0 = Release|Any CPU
		{4688D42B-5B55-4D19-8180-1F1FD5C930C0}.Debug|Any CPU.ActiveCfg = Debug|Any CPU
		{4688D42B-5B55-4D19-8180-1F1FD5C930C0}.Debug|Any CPU.Build.0 = Debug|Any CPU
		{4688D42B-5B55-4D19-8180-1F1FD5C930C0}.Release|Any CPU.ActiveCfg = Release|Any CPU
		{4688D42B-5B55-4D19-8180-1F1FD5C930C0}.Release|Any CPU.Build.0 = Release|Any CPU
		{1A0035CF-93AF-4221-AB7F-6A7B22510DC6}.Debug|Any CPU.ActiveCfg = Debug|Any CPU
		{1A0035CF-93AF-4221-AB7F-6A7B22510DC6}.Debug|Any CPU.Build.0 = Debug|Any CPU
		{1A0035CF-93AF-4221-AB7F-6A7B22510DC6}.Release|Any CPU.ActiveCfg = Release|Any CPU
		{1A0035CF-93AF-4221-AB7F-6A7B22510DC6}.Release|Any CPU.Build.0 = Release|Any CPU
		{32CA296B-B9FE-42A5-A2FB-B59EB89D2496}.Debug|Any CPU.ActiveCfg = Debug|Any CPU
		{32CA296B-B9FE-42A5-A2FB-B59EB89D2496}.Debug|Any CPU.Build.0 = Debug|Any CPU
		{32CA296B-B9FE-42A5-A2FB-B59EB89D2496}.Release|Any CPU.ActiveCfg = Release|Any CPU
		{32CA296B-B9FE-42A5-A2FB-B59EB89D2496}.Release|Any CPU.Build.0 = Release|Any CPU
		{D7BE9AED-CEBA-4DA7-9C15-CB9F48DD6A4A}.Debug|Any CPU.ActiveCfg = Debug|Any CPU
		{D7BE9AED-CEBA-4DA7-9C15-CB9F48DD6A4A}.Debug|Any CPU.Build.0 = Debug|Any CPU
		{D7BE9AED-CEBA-4DA7-9C15-CB9F48DD6A4A}.Release|Any CPU.ActiveCfg = Release|Any CPU
		{D7BE9AED-CEBA-4DA7-9C15-CB9F48DD6A4A}.Release|Any CPU.Build.0 = Release|Any CPU
	EndGlobalSection
	GlobalSection(SolutionProperties) = preSolution
		HideSolutionNode = FALSE
	EndGlobalSection
	GlobalSection(ExtensibilityGlobals) = postSolution
		SolutionGuid = {F404738A-6E49-4014-8E3A-CCF5A37FCE4D}
	EndGlobalSection
EndGlobal
